
Microsoft Visual Studio Solution File, Format Version 12.00
# Visual Studio Version 17
VisualStudioVersion = 17.12.35527.113 d17.12
MinimumVisualStudioVersion = 10.0.40219.1
Project("{8BC9CEB8-8B4A-11D0-8D11-00A0C91BC942}") = "cppPracticeProjects", "cppPracticeProjects.vcxproj", "{E56A0E34-5E50-4CC5-8DFB-139C7341647B}"
EndProject
Global
	GlobalSection(SolutionConfigurationPlatforms) = preSolution
		Debug|x64 = Debug|x64
		Debug|x86 = Debug|x86
		Release|x64 = Release|x64
		Release|x86 = Release|x86
	EndGlobalSection
	GlobalSection(ProjectConfigurationPlatforms) = postSolution
		{E56A0E34-5E50-4CC5-8DFB-139C7341647B}.Debug|x64.ActiveCfg = Debug|x64
		{E56A0E34-5E50-4CC5-8DFB-139C7341647B}.Debug|x64.Build.0 = Debug|x64
		{E56A0E34-5E50-4CC5-8DFB-139C7341647B}.Debug|x86.ActiveCfg = Debug|Win32
		{E56A0E34-5E50-4CC5-8DFB-139C7341647B}.Debug|x86.Build.0 = Debug|Win32
		{E56A0E34-5E50-4CC5-8DFB-139C7341647B}.Release|x64.ActiveCfg = Release|x64
		{E56A0E34-5E50-4CC5-8DFB-139C7341647B}.Release|x64.Build.0 = Release|x64
		{E56A0E34-5E50-4CC5-8DFB-139C7341647B}.Release|x86.ActiveCfg = Release|Win32
		{E56A0E34-5E50-4CC5-8DFB-139C7341647B}.Release|x86.Build.0 = Release|Win32
	EndGlobalSection
	GlobalSection(SolutionProperties) = preSolution
		HideSolutionNode = FALSE
	EndGlobalSection
EndGlobal
